
Microsoft Visual Studio Solution File, Format Version 12.00
# Visual Studio Version 17
VisualStudioVersion = 17.5.002.0
MinimumVisualStudioVersion = 10.0.40219.1
Project("{9A19103F-16F7-4668-BE54-9A1E7A4F7556}") = "ALG", "ALG.csproj", "{FA343515-26EA-4B49-AD70-862288E0899A}"
EndProject
Global
	GlobalSection(SolutionConfigurationPlatforms) = preSolution
		Debug|Any CPU = Debug|Any CPU
		Release|Any CPU = Release|Any CPU
	EndGlobalSection
	GlobalSection(ProjectConfigurationPlatforms) = postSolution
		{FA343515-26EA-4B49-AD70-862288E0899A}.Debug|Any CPU.ActiveCfg = Debug|Any CPU
		{FA343515-26EA-4B49-AD70-862288E0899A}.Debug|Any CPU.Build.0 = Debug|Any CPU
		{FA343515-26EA-4B49-AD70-862288E0899A}.Release|Any CPU.ActiveCfg = Release|Any CPU
		{FA343515-26EA-4B49-AD70-862288E0899A}.Release|Any CPU.Build.0 = Release|Any CPU
	EndGlobalSection
	GlobalSection(SolutionProperties) = preSolution
		HideSolutionNode = FALSE
	EndGlobalSection
	GlobalSection(ExtensibilityGlobals) = postSolution
		SolutionGuid = {1B218A50-15E4-40DC-BDD0-1102D3C95AAC}
	EndGlobalSection
EndGlobal
